
Microsoft Visual Studio Solution File, Format Version 12.00
# Visual Studio Version 17
VisualStudioVersion = 17.7.34031.279
MinimumVisualStudioVersion = 10.0.40219.1
Project("{FAE04EC0-301F-11D3-BF4B-00C04F79EFBC}") = "IVSoftware.Winforms.HotHeyManagement", "IVSoftware.Winforms.HotHeyManagement\IVSoftware.Winforms.HotHeyManagement.csproj", "{DD642AD4-C5FD-4039-BF1A-5194FDBF95E5}"
EndProject
Global
	GlobalSection(SolutionConfigurationPlatforms) = preSolution
		Debug|Any CPU = Debug|Any CPU
		Release|Any CPU = Release|Any CPU
	EndGlobalSection
	GlobalSection(ProjectConfigurationPlatforms) = postSolution
		{DD642AD4-C5FD-4039-BF1A-5194FDBF95E5}.Debug|Any CPU.ActiveCfg = Debug|Any CPU
		{DD642AD4-C5FD-4039-BF1A-5194FDBF95E5}.Debug|Any CPU.Build.0 = Debug|Any CPU
		{DD642AD4-C5FD-4039-BF1A-5194FDBF95E5}.Release|Any CPU.ActiveCfg = Release|Any CPU
		{DD642AD4-C5FD-4039-BF1A-5194FDBF95E5}.Release|Any CPU.Build.0 = Release|Any CPU
	EndGlobalSection
	GlobalSection(SolutionProperties) = preSolution
		HideSolutionNode = FALSE
	EndGlobalSection
	GlobalSection(ExtensibilityGlobals) = postSolution
		SolutionGuid = {DA292F94-F390-405F-AF52-1A67AEE6D2D8}
	EndGlobalSection
EndGlobal
